
Microsoft Visual Studio Solution File, Format Version 12.00
# Visual Studio Version 17
VisualStudioVersion = 17.1.32210.238
MinimumVisualStudioVersion = 10.0.40219.1
Project("{FAE04EC0-301F-11D3-BF4B-00C04F79EFBC}") = "Subir_archivos", "Subir_archivos\Subir_archivos.csproj", "{BBE8E63C-A691-416D-82E0-CC86F841FAA9}"
EndProject
Global
	GlobalSection(SolutionConfigurationPlatforms) = preSolution
		Debug|Any CPU = Debug|Any CPU
		Release|Any CPU = Release|Any CPU
	EndGlobalSection
	GlobalSection(ProjectConfigurationPlatforms) = postSolution
		{BBE8E63C-A691-416D-82E0-CC86F841FAA9}.Debug|Any CPU.ActiveCfg = Debug|Any CPU
		{BBE8E63C-A691-416D-82E0-CC86F841FAA9}.Debug|Any CPU.Build.0 = Debug|Any CPU
		{BBE8E63C-A691-416D-82E0-CC86F841FAA9}.Release|Any CPU.ActiveCfg = Release|Any CPU
		{BBE8E63C-A691-416D-82E0-CC86F841FAA9}.Release|Any CPU.Build.0 = Release|Any CPU
	EndGlobalSection
	GlobalSection(SolutionProperties) = preSolution
		HideSolutionNode = FALSE
	EndGlobalSection
	GlobalSection(ExtensibilityGlobals) = postSolution
		SolutionGuid = {132F6312-922C-4024-ABA0-79A382599190}
	EndGlobalSection
EndGlobal
